{
  "version": "2",
  "remote": {
    "https://deno.land/std@0.85.0/_util/assert.ts": "2f868145a042a11d5ad0a3c748dcf580add8a0dbc0e876eaa0026303a5488f58",
    "https://deno.land/std@0.85.0/_util/os.ts": "e282950a0eaa96760c0cf11e7463e66babd15ec9157d4c9ed49cc0925686f6a7",
    "https://deno.land/std@0.85.0/async/deferred.ts": "f89ed49ba5e1dd0227c6bd5b23f017be46c3f92e4f0338dda08ff5aa54b9f6c9",
    "https://deno.land/std@0.85.0/async/delay.ts": "9de1d8d07d1927767ab7f82434b883f3d8294fb19cad819691a2ad81a728cf3d",
    "https://deno.land/std@0.85.0/async/mod.ts": "253b41c658d768613eacfb11caa0a9ca7148442f932018a45576f7f27554c853",
    "https://deno.land/std@0.85.0/async/mux_async_iterator.ts": "b9091909db04cdb0af6f7807677372f64c1488de6c4bd86004511b064bf230d6",
    "https://deno.land/std@0.85.0/async/pool.ts": "876f9e6815366cd017a3b4fbb9e9ae40310b1b6972f1bd541c94358bc11fb7e5",
    "https://deno.land/std@0.85.0/bytes/mod.ts": "1ae1ccfe98c4b979f12b015982c7444f81fcb921bea7aa215bf37d84f46e1e13",
    "https://deno.land/std@0.85.0/encoding/utf8.ts": "ce9becd1224dea119636a4cdcbce9dae016eb2cce4154d4fa352da166321a7b8",
    "https://deno.land/std@0.85.0/flags/mod.ts": "0994240ad009980e46bc3bb1314e9469c7241617e4345b27afc82097fdbef841",
    "https://deno.land/std@0.85.0/fmt/colors.ts": "d253f2367e5feebcf0f49676533949c09ea07a2d95fb74958f6f5c1c22fbec49",
    "https://deno.land/std@0.85.0/fs/_util.ts": "f2ce811350236ea8c28450ed822a5f42a0892316515b1cd61321dec13569c56b",
    "https://deno.land/std@0.85.0/fs/copy.ts": "acc21e2569c92e715be48f40665a299cb995a4dce04145c3dd624791b885114c",
    "https://deno.land/std@0.85.0/fs/empty_dir.ts": "2edd70ff6405e1893e781a82aec8c574dfc748a7bb9d9ce8f0abdf002cdbba3f",
    "https://deno.land/std@0.85.0/fs/ensure_dir.ts": "f21262e788a707aaa2dd22064da7cd40e3b2f0f067e9b2aed1b288091170cc05",
    "https://deno.land/std@0.85.0/fs/ensure_file.ts": "84c7cff81ecedef3969e3fcd2d0c2aecd9bafea246cd18847deba7a54126134f",
    "https://deno.land/std@0.85.0/fs/ensure_link.ts": "e48abe5bf639389ee6f42bb8bdd8b7b2a4c93701cd618b12cdcad83ccea44f2e",
    "https://deno.land/std@0.85.0/fs/ensure_symlink.ts": "cbb2c908135808c0545c6304046b6ab5c024b0bb1832e69c819b58d9feee66ef",
    "https://deno.land/std@0.85.0/fs/eol.ts": "afaebaaac36f48c423b920c836551997715672b80a0fee9aa7667c181a94f2df",
    "https://deno.land/std@0.85.0/fs/exists.ts": "b0d2e31654819cc2a8d37df45d6b14686c0cc1d802e9ff09e902a63e98b85a00",
    "https://deno.land/std@0.85.0/fs/expand_glob.ts": "b5a8fcadf40eb7b034a1f807349cbace0ddb28c4e5a6b6aaf2d8ca925ba02f9f",
    "https://deno.land/std@0.85.0/fs/mod.ts": "26eee4b52a8c516e37d464094b080ff6822883e7f01ff0ba0a72b8dcd54b9927",
    "https://deno.land/std@0.85.0/fs/move.ts": "36697916a5cf2ebc7d298089a9a3ccc6b3af1eaecc173e57a9f5eb10f1f04221",
    "https://deno.land/std@0.85.0/fs/walk.ts": "8d37f2164a7397668842a7cb5d53b9e7bcd216462623b1b96abe519f76d7f8b9",
    "https://deno.land/std@0.85.0/http/_io.ts": "4c64f9897779ad9fe2377f5eecf70731acd6a05b10d47a87d4a42fd6e772a354",
    "https://deno.land/std@0.85.0/http/http_status.ts": "ebaa9bebfb8adc3d7b20c49e11037e4eefd79629ad80d81383933f4cdc91b3eb",
    "https://deno.land/std@0.85.0/http/server.ts": "7d393332295f839bfb99b094c382fc342874c315617c14acbb8e8b294c997bc9",
    "https://deno.land/std@0.85.0/io/bufio.ts": "60d292248c8b32b3d8d13a4336b0c381b2dce5b9c9b50a4930205dea87eaf456",
    "https://deno.land/std@0.85.0/path/_constants.ts": "1247fee4a79b70c89f23499691ef169b41b6ccf01887a0abd131009c5581b853",
    "https://deno.land/std@0.85.0/path/_interface.ts": "1fa73b02aaa24867e481a48492b44f2598cd9dfa513c7b34001437007d3642e4",
    "https://deno.land/std@0.85.0/path/_util.ts": "f4fa69aa3cbbd8568763bfc43c7236875015ba343602d8bafd332b4b4243681b",
    "https://deno.land/std@0.85.0/path/common.ts": "eaf03d08b569e8a87e674e4e265e099f237472b6fd135b3cbeae5827035ea14a",
    "https://deno.land/std@0.85.0/path/glob.ts": "4a524c1c9da3e79a9fdabdc6e850cd9e41bdf31e442856ffa19c5b123268ca95",
    "https://deno.land/std@0.85.0/path/mod.ts": "4465dc494f271b02569edbb4a18d727063b5dbd6ed84283ff906260970a15d12",
    "https://deno.land/std@0.85.0/path/posix.ts": "1408f8ba482a4dc5fc0a7cd7be28bbbff9608d2b3b5ffdcf288ae1228d959add",
    "https://deno.land/std@0.85.0/path/separator.ts": "8fdcf289b1b76fd726a508f57d3370ca029ae6976fcde5044007f062e643ff1c",
    "https://deno.land/std@0.85.0/path/win32.ts": "6ca052f54500f00cd7a5172fde62900626ab620dcd5bdcf4e6f5695d001ddef6",
    "https://deno.land/std@0.85.0/testing/_diff.ts": "961eaf6d9f5b0a8556c9d835bbc6fa74f5addd7d3b02728ba7936ff93364f7a3",
    "https://deno.land/std@0.85.0/testing/asserts.ts": "de942b2e1cb6dac1c1c4a7b698be017337e2e2cc2252ae0a6d215c5befde1e82",
    "https://deno.land/std@0.85.0/textproto/mod.ts": "d0fe22dbc44095c388a290027ff42a5f4f4b33d1f19fde765066dd588152d67a",
    "https://deno.land/x/evt@v2.4.18/lib/Ctx.ts": "fc639895d9dcd72a1b916248198f4f65603a406328cd612970ad03be97a53d2d",
    "https://deno.land/x/evt@v2.4.18/lib/Evt.asNonPostable.ts": "0c518f68e873a7912a2c3225f5427cb64085dae6b1a9ad0aa8f677232fd93b98",
    "https://deno.land/x/evt@v2.4.18/lib/Evt.asPostable.ts": "fbd8bbe300a69da44cec8579ea1992c287d7bcc6fe4f4e06f2585b1ef0551090",
    "https://deno.land/x/evt@v2.4.18/lib/Evt.asyncPipe.ts": "a6302f737183e93a4762db994dd4bf28eebf38e7f6d0c5c8521eb86313069dfe",
    "https://deno.land/x/evt@v2.4.18/lib/Evt.create.ts": "8789cf94d143f208ea7b26071e37b862b435b422da2e28a697732a8260998c2c",
    "https://deno.land/x/evt@v2.4.18/lib/Evt.factorize.ts": "ed4173ea2b41e187700cd4dbd3e040763a170dfa0530cb6200b5723120b0c7ec",
    "https://deno.land/x/evt@v2.4.18/lib/Evt.from.ts": "bbec5ec1d61e86e8264495d94a52579395d14193fe310599d9809a88a02ac88a",
    "https://deno.land/x/evt@v2.4.18/lib/Evt.getCtx.ts": "6c6b7372e32bc6188e4c9ab16fdbba1a8c469d493df20c7ecc0aa92382b95585",
    "https://deno.land/x/evt@v2.4.18/lib/Evt.loosenType.ts": "7b5223c86b4661aefa019e3db1cecf2e859a1376c2c243d2fe6c0a797daa962c",
    "https://deno.land/x/evt@v2.4.18/lib/Evt.merge.ts": "0bab6663ea756e929a9f5b7bf1c5c957da00d5b2355f8355b1276c3016654edf",
    "https://deno.land/x/evt@v2.4.18/lib/Evt.newCtx.ts": "bd44ec7e092915b7b32a1e5d8491c0894749624a2b17e1d41c0af39de73abb90",
    "https://deno.land/x/evt@v2.4.18/lib/Evt.parsePropsFromArgs.ts": "ceececf8ab164a4825e3440b844c023fc6774c733c38cfd2f7d47836b011d577",
    "https://deno.land/x/evt@v2.4.18/lib/Evt.ts": "a96bed79f0fc0911d584f220638a3128bae9f919ac443119269f8b4d82b744ed",
    "https://deno.land/x/evt@v2.4.18/lib/LazyEvt.ts": "788cbe43692e8a7a2e6c90dfcc406d8a3146636367cfcac9cab7d1b3d131bb14",
    "https://deno.land/x/evt@v2.4.18/lib/LazyStatefulEvt.ts": "e5dfad99b292225eda4ada3254a33598c1ad8c26b4ffa587778f2dfa935587d9",
    "https://deno.land/x/evt@v2.4.18/lib/StatefulEvt.ts": "2a61bb6281f8f9d4473c388d0d0e5a8dc457c57912c736325a52f17233a98f1b",
    "https://deno.land/x/evt@v2.4.18/lib/importProxy.ts": "7b252cd136ab26da2661ea6525ec15612b5894c6f141456246ee6da3b42f4361",
    "https://deno.land/x/evt@v2.4.18/lib/index.ts": "a471b0902a5be7f5c17dfcb06b7affe025c1793dff1c53d509664d83dab5d8ec",
    "https://deno.land/x/evt@v2.4.18/lib/types/AsyncIterableEvt.ts": "5fd9a5465340547d8e4e40322675a85fbf0c1661d3ea85cc0bd57e2344c0d988",
    "https://deno.land/x/evt@v2.4.18/lib/types/EventTargetLike.ts": "25d302b5ad6e8f0c5a60a4e424b94c1109446dd423537cef0f43ef1062792614",
    "https://deno.land/x/evt@v2.4.18/lib/types/EvtError.ts": "719ccce37e3b6cf2f79b6d0017e4ecb325ee4ba614d1cc2f6807d48ac7046784",
    "https://deno.land/x/evt@v2.4.18/lib/types/Handler.ts": "1a83da88f68e5239db7cf90489d9e061912a88c2b80f7dfe98526f27a8dc4727",
    "https://deno.land/x/evt@v2.4.18/lib/types/Observer.ts": "f0f2c4498bd49558d4f5df981ee4ae2aada687de5cd150e39b06798bf3d23ac0",
    "https://deno.land/x/evt@v2.4.18/lib/types/Operator.ts": "48de9fb581d798378bbfee58f3f43d461c79e4c4c015f72bb885627f1cf7fe65",
    "https://deno.land/x/evt@v2.4.18/lib/types/helper/EvtLikeToEvt.ts": "8374ddc8aaefca4e4fbdcb5e76a60552add5940ab7f2fc3eb58061a6b160c190",
    "https://deno.land/x/evt@v2.4.18/lib/types/helper/FactorizeEvt.ts": "cc2a2210a71e5a2d5fc66be1dccdaead2265bb46d5d82544b743e1c6f54c4018",
    "https://deno.land/x/evt@v2.4.18/lib/types/helper/SwapEvtType.ts": "c944d32056391c7dfdb8cbdc4f7406ffab3f0430282abc4961534aca36eb040d",
    "https://deno.land/x/evt@v2.4.18/lib/types/helper/ToNonPostableEvt.ts": "886aa16d9e22e44a9c59ae474e09e17523708f8800337cf8f6777e8697ad760e",
    "https://deno.land/x/evt@v2.4.18/lib/types/helper/ToPostableEvt.ts": "9bfb4c08fa7cc024026db3a7c1baf85c3a73292ecca615c488d6e420ba8b1237",
    "https://deno.land/x/evt@v2.4.18/lib/types/helper/UnpackCtx.ts": "efbd11b73b67c13bb337eba15660c4ac3674fb929083782b9716839bb030793a",
    "https://deno.land/x/evt@v2.4.18/lib/types/helper/UnpackEvt.ts": "94e2247280afb165f342e55671ab04409e107aab5d5707b0def711f1e980fecf",
    "https://deno.land/x/evt@v2.4.18/lib/types/helper/index.ts": "76077c41f85641c0a92c6107a2d62e55591401a44df985f3aa9000b80ed5f5f9",
    "https://deno.land/x/evt@v2.4.18/lib/types/index.ts": "08cdb0a44ba5484b12d041d67271f0350dd9a6c3bd843843b2bc62399f48f28d",
    "https://deno.land/x/evt@v2.4.18/lib/types/interfaces/Ctx.ts": "74ebb5d3bb0bc1b934c427e3c57ab124bc0c46f89d683f9925125dff82f5e1b7",
    "https://deno.land/x/evt@v2.4.18/lib/types/interfaces/CtxLike.ts": "c3d66cb4826f5322d540a1855b4899854a11c7399713e9b0c99cb30bbc8d79e8",
    "https://deno.land/x/evt@v2.4.18/lib/types/interfaces/Evt.ts": "884f7924179974a4e5e1f1978c043fdb2104bf651c07f3be5a049f864406d50c",
    "https://deno.land/x/evt@v2.4.18/lib/types/interfaces/EvtLike.ts": "cf294021dc16aee68637284d76fc33d3ce6428504c9489f91cba840b03e7f2e5",
    "https://deno.land/x/evt@v2.4.18/lib/types/interfaces/NonPostableEvt.ts": "4326c2e2883460ac111c90fa5b5803e0f1e1ae7e17ab99508d26b6db18a94bab",
    "https://deno.land/x/evt@v2.4.18/lib/types/interfaces/NonPostableEvtLike.ts": "ff32ade244c2e560a3b134ba0511f171ac0ae696ef7cedafa7c858563b559dd6",
    "https://deno.land/x/evt@v2.4.18/lib/types/interfaces/Postable.ts": "e66e7b8ed2124a49f0f25be9f8ea06e0777cc8425a425a75c8e1993dc30c147f",
    "https://deno.land/x/evt@v2.4.18/lib/types/interfaces/StatefulEvt.ts": "384499cf2d141f865f26e52d21c01268218dd2ffd97f99d21c565545abab56df",
    "https://deno.land/x/evt@v2.4.18/lib/types/interfaces/StatefulEvtLike.ts": "9f985cbf4ab3629fbee5f6abbf81b8366c9949b34d73147af2b61467995f704f",
    "https://deno.land/x/evt@v2.4.18/lib/types/interfaces/StatefulPostable.ts": "3e9d0ba438cd247c27fee88c4dcaad0deff42b753c9d0aeb78cb704a9f2e9fa7",
    "https://deno.land/x/evt@v2.4.18/lib/types/interfaces/StatefulReadonlyEvt.ts": "fb09392dcafbc9027310db3b8f0314d1d8cc906549caf50dcd8657bea06aba96",
    "https://deno.land/x/evt@v2.4.18/lib/types/interfaces/StatefulReadonlyEvtLike.ts": "2a80d93f2c866720a2b65641d6905b6700097ac67998c5a680167f91f425aeee",
    "https://deno.land/x/evt@v2.4.18/lib/types/interfaces/index.ts": "d980826b51d368d4ef639e377944c8d9836c14836d52ce3ff0d4c0b712fb4c93",
    "https://deno.land/x/evt@v2.4.18/lib/types/lib.dom.ts": "2b65508fc6e3f7cae953d94652c240ef6eb3569f7f82ff879a853ea91fa56c99",
    "https://deno.land/x/evt@v2.4.18/lib/util/compose.ts": "63ae475c09aa4b098e599b11559967be7b05566a8386b7c8938f8366aa8258cb",
    "https://deno.land/x/evt@v2.4.18/lib/util/convertOperatorToStatelessFLambda.ts": "6613d1a68fe1cdda78cf2f2f33fbc5acfa6ac17b936fd9f9249ca4db3e429368",
    "https://deno.land/x/evt@v2.4.18/lib/util/genericOperators/distinct.ts": "07b5f8c9275a58dd9339618c11c2e91223a5d33ecbf7f54763eef5cfcde97121",
    "https://deno.land/x/evt@v2.4.18/lib/util/genericOperators/index.ts": "9cab9a215bd3007b137fadad37fab62860e23e533d10312c9a17904a5fa055af",
    "https://deno.land/x/evt@v2.4.18/lib/util/genericOperators/nonNullable.ts": "c1d3dea4494c5b4bae37b83d1feea328b9c55dddbe21dbf08f0c66702a617e91",
    "https://deno.land/x/evt@v2.4.18/lib/util/genericOperators/throttleTime.ts": "742c8bde694db3032335c21d9152a86c4fcbaad7e0052e2c6752c599ebad8bfd",
    "https://deno.land/x/evt@v2.4.18/lib/util/genericOperators/to.ts": "465a525187031f70e655101952776f4926d8e35d1ad6503ee1bc49a4a6c8e647",
    "https://deno.land/x/evt@v2.4.18/lib/util/index.ts": "c4d914d5b1caf9847ea858bf3fa9ee1320cc382765b922fd03ab4c3d2b6dca26",
    "https://deno.land/x/evt@v2.4.18/mod.ts": "ad2c53a9eb0535824d04d121b66ae8e97650885cdb8833ccf5670f1c8f742f03",
    "https://deno.land/x/evt@v2.4.18/tools/Deferred.ts": "de343fe1f9f91e3356d72417149be65104100f1d565c66f1c7ed2a9b603a25f4",
    "https://deno.land/x/evt@v2.4.18/tools/minimal-polyfills/LightMap.ts": "0d3b3e4612a3e76ddce0f3ec2ddefab10771ff385257e9ca35635ce6109a5049",
    "https://deno.land/x/evt@v2.4.18/tools/safeSetTimeout.ts": "6e8fae967d49fbe2786acd10c5ab5cc0acc3305febd89445ce9f70e674038a40",
    "https://deno.land/x/run_exclusive@v2.2.18/lib/runExclusive.ts": "07c0a6e397d422eaafd05de11357652e1a259242f4a1fdffd2a84b7de24d4d9d",
    "https://deno.land/x/run_exclusive@v2.2.18/mod.ts": "7d124c8d09f74c46a56b7397c2ca3731a1cc9c5dc45469b8522badf17eb523e1",
    "https://deno.land/x/tsafe@v1.6.0/Equals.ts": "3890f89007eaa5a7c9ff4105fed68ebc33255bb26b0c3bd313a8b3f023c7f684",
    "https://deno.land/x/tsafe@v1.6.0/assert.ts": "096d303459a1118f4f3ae1a9e630619e6626c7001f6c2b8e23a5b0dd2f97a174",
    "https://deno.land/x/tsafe@v1.6.0/id.ts": "cb2b74bfed19553b90e37af353c58c53ee113af1406c580ab0b7a4b44aa9b022",
    "https://deno.land/x/tsafe@v1.6.0/is.ts": "3f929f3bfaef98835ea02dc66a8d6a77e2784dc9d3d85e76902b6f19ea531ba6",
    "https://deno.land/x/tsafe@v1.6.0/isPromiseLike.ts": "e190c6b9806e815d3a096c9af16028a848edd13b70b6e3d9e44ce2507089f17a",
    "https://deno.land/x/tsafe@v1.6.0/lab/PromiseOrNot.ts": "ab46309b639fb01d162488e25afc36bf4a8da3ab37f09a6dc70c733a5b9829ba",
    "https://deno.land/x/tsafe@v1.6.0/lab/overwriteReadonlyProp.ts": "8d232c0ea94583198bffd903644c203b3acc01768417923a9d9750a194071cc2",
    "https://deno.land/x/tsafe@v1.6.0/tools/StrictEquals.ts": "cee511e986619497af00106cfc033afa9cb907657eae7d216aa6685cfd91a7e4",
    "https://deno.land/x/tsafe@v1.6.0/tools/Unite.ts": "f6b19500d5de61452d537a4a495cfae224ff97de8b2afa9b156a14e261d9dc45",
    "https://deno.land/x/tsafe@v1.6.0/typeGuard.ts": "8012ea9591da5ff83fa43d1a42c9911736b0f841726bc88a07deb53ae717f41b",
    "https://deno.land/x/tsafe@v1.6.0/zz_internal/assertIsRefWrapper.ts": "1c16beff4730820044f9d18dfd7c703ec626e0b751b75d884a344a12287c85f3",
    "https://dev.jspm.io/lodash-es/isEqual": "d33ee5f997b94a03adcf3e65bdec61fdcfb4f26d8997e2562f5e41e647d1c527",
    "https://dev.jspm.io/lodash-es/sample": "772f616187bc2bf0eaa215393e55203ad93a07a8a8401affa6ddc63ffb963a62",
    "https://dev.jspm.io/npm:lodash-es@4.17.21/_/02d6c299.js": "6fe98cef98517a9381fa22636fd0557a8ee146d224e5821ebdbe0740ae475983",
    "https://dev.jspm.io/npm:lodash-es@4.17.21/_/0bb20403.js": "13d1eec9a9ae4403fcfe97aa85d11f581a43b05a5f43a436b43f010b24a93522",
    "https://dev.jspm.io/npm:lodash-es@4.17.21/_/1383de04.js": "f11f6cf2b27b5ec70710e992415193550776673e2c2df05e2ee81a580239c9f5",
    "https://dev.jspm.io/npm:lodash-es@4.17.21/_/17fb905d.js": "00f0bc1a6cd1564dc7812bba6b82e432eafe079762b9a90c83f56d8cc32a8563",
    "https://dev.jspm.io/npm:lodash-es@4.17.21/_/24eddd3d.js": "2dc23d60b9e3977a0db4aed01d2e584aa87d94a58750559db88e5ca4ad9d71a6",
    "https://dev.jspm.io/npm:lodash-es@4.17.21/_/38394896.js": "c6ef95c557f1eba137d41a232ead46d7775d91d93f1640cbe9b072298baa3707",
    "https://dev.jspm.io/npm:lodash-es@4.17.21/_/43b5d56d.js": "af04041dd2dc11d0ee0967c002d12dfb09f16745e5575849a16d343c92c4c071",
    "https://dev.jspm.io/npm:lodash-es@4.17.21/_/48027737.js": "5048145a8eec822e1c810854d50b5200eb9db397017b17ff6d9f00f69fa31672",
    "https://dev.jspm.io/npm:lodash-es@4.17.21/_/6703045c.js": "6198501112257dd9e6ecb9b5c57a594cdaf37af777fce5ff83684b19e47f974c",
    "https://dev.jspm.io/npm:lodash-es@4.17.21/_/7100b469.js": "4e2b3570f10e1bf90b687dd342b935b60ee6a180bbf3f377b4bfb41ac21b6d0f",
    "https://dev.jspm.io/npm:lodash-es@4.17.21/_/7953e050.js": "3db506ed2c3c531038244dce34cd5dbfdf83e3bb2bec81326b667c25fd00c4ce",
    "https://dev.jspm.io/npm:lodash-es@4.17.21/_/7a7ec766.js": "dee0686a9fbde7f463698fe010d61287cb3afbbb65d746c44cbba7bda82c46b9",
    "https://dev.jspm.io/npm:lodash-es@4.17.21/_/8d8705aa.js": "23b2c68207f3e3dd8b449b9d4f190e4620ac22d5d7a12ad69859cb0b9a51980c",
    "https://dev.jspm.io/npm:lodash-es@4.17.21/_/98062778.js": "43e805ed06acc9d93aa6e7f7e9e3571c941a18d3bf4e12c6a3d36802d2eee6c3",
    "https://dev.jspm.io/npm:lodash-es@4.17.21/_/98df1741.js": "ce999fd4ce4e2637497fb9a2b158b5286a6be9a397947201bc7da0dabf932456",
    "https://dev.jspm.io/npm:lodash-es@4.17.21/_/9bf895a3.js": "8028ad9529cfcb56f5c0f23c89e1523680ad3caa6564660483863d2319c164ea",
    "https://dev.jspm.io/npm:lodash-es@4.17.21/_/9f137e5b.js": "30996c0bf954eaef8e195011b13250947b2ece8cdb9f3a8416474b302e7a64c6",
    "https://dev.jspm.io/npm:lodash-es@4.17.21/_/a8ebb5d4.js": "15282b92bbddc4040df4745a1045d28449e4919d3909b9b2f706b4a5f3683975",
    "https://dev.jspm.io/npm:lodash-es@4.17.21/_/c96a0489.js": "d5d59f61eed1703618cc70376a473ec97c98e26c585d4000bf41a678c0dde1df",
    "https://dev.jspm.io/npm:lodash-es@4.17.21/_/db85cb17.js": "be21f10d6372c7af85a7a4124768860c37c7a3e58b19a2d728cfdf7216218e55",
    "https://dev.jspm.io/npm:lodash-es@4.17.21/_/dcfc3998.js": "663caa0605460b5ba360e84d3d435ea4ef4ec2573f9346fc36ca9f0d3f731566",
    "https://dev.jspm.io/npm:lodash-es@4.17.21/_/df9293ee.js": "73776a64dc12f1413646bfd2d250ad854c64b9ef172fd4c6d77b93fa332f91e2",
    "https://dev.jspm.io/npm:lodash-es@4.17.21/_/e524acca.js": "f1bd4a54716f512f4a3249e37f6dcc3281d09ae0053f76758bcb27579dd6d6d7",
    "https://dev.jspm.io/npm:lodash-es@4.17.21/_/e6902cb9.js": "e075f9be90c0d1c57148a546b9d3e5e68c6537421163478168f07dced72d5aa6",
    "https://dev.jspm.io/npm:lodash-es@4.17.21/_/f01ae9b5.js": "295cdcaa1029b51ee863fc0cf9e819bfeae55ee2a7df367483e63712e3cebfb8",
    "https://dev.jspm.io/npm:lodash-es@4.17.21/_/f08a6ffe.js": "9109344bf0776b2c30de2dcc4b8d5f58dc32aee48e649f11811f9ec1177db9e1",
    "https://dev.jspm.io/npm:lodash-es@4.17.21/_arrayFilter": "292cefd33bbd5b86d31bb10ef62bda753dddd0c6b03b47af2d80eaab214f1153",
    "https://dev.jspm.io/npm:lodash-es@4.17.21/_arrayMap": "a832d5f9c633a539c3bd1ead4eab96c2e55a413f8df07946528c17c574107670",
    "https://dev.jspm.io/npm:lodash-es@4.17.21/eq": "a6960b851bb2f92f51bcc8a398387da815f717f9cc083cc3ed594e9d82fe667e",
    "https://dev.jspm.io/npm:lodash-es@4.17.21/isArguments.js": "dbfc6cbf445ae1dd34ffce399ce5142cf7bc012814efeafa63cfc3ef659f2816",
    "https://dev.jspm.io/npm:lodash-es@4.17.21/isArray": "1c0ce93062b0066c590f56f71c76958365e09bb3dc7cbd9852c3e7555f2ac74e",
    "https://dev.jspm.io/npm:lodash-es@4.17.21/isArrayLike": "aa2cbfaebfb3335a1afdeed7a519123c5022cf903b9eae1a7d93ecdb14ead41d",
    "https://dev.jspm.io/npm:lodash-es@4.17.21/isBuffer.js": "47c2417a8b0476869583288bd95fdb85ff13fa93ca95f0fd607f012f5c6ce980",
    "https://dev.jspm.io/npm:lodash-es@4.17.21/isEqual": "25683bf56f1b4c10bd041fb6e677efa81411060ffdb24cbe0bd275f3cadd543d",
    "https://dev.jspm.io/npm:lodash-es@4.17.21/isFunction": "f8ebf17d0b6cba27259841a7415439d3c7f52517d1a5ca47e637a21a746edc9c",
    "https://dev.jspm.io/npm:lodash-es@4.17.21/isLength.js": "6d4ccbfc19fe11a68d0a41415fa916ec571d5a119e16d7db5fb46097d83d3865",
    "https://dev.jspm.io/npm:lodash-es@4.17.21/isObject": "978d0ce182b02604111d6ae8d210616897218f1336404f6eab6b422d10f7e84f",
    "https://dev.jspm.io/npm:lodash-es@4.17.21/isObjectLike": "89210bfce73a34cfa1180fb69b93812775e50057e78b3a583ebcacc8c3f86af7",
    "https://dev.jspm.io/npm:lodash-es@4.17.21/isTypedArray.js": "22ce8523fafc400813c7e5dc6a0431d69d85b902c05266442ea6220e7a035155",
    "https://dev.jspm.io/npm:lodash-es@4.17.21/keys": "18cf4e46f8ea44a7bbd23ede005f3227a743085e117aefd2389f8a13a20095a9",
    "https://dev.jspm.io/npm:lodash-es@4.17.21/sample": "8f4403070d93a583b2a14d544f542732c1b32dd3ee8dc14ce9a53969ca4c38f0",
    "https://dev.jspm.io/npm:lodash-es@4.17.21/stubArray.js": "01c07e5061d6e15dfd25cec5306dd37f37b50b178afab3cafbffb5c77f1986d8",
    "https://dev.jspm.io/npm:lodash-es@4.17.21/stubFalse.js": "6723abc70044d7816db59795b915e37743dc9eafe5a9a79cd42eac11c7d219cc",
    "https://dev.jspm.io/npm:lodash-es@4.17.21/values": "49278417cefc379cff0bdd0e1b21d196136591e8f0f9ee2d6aadafde2b5cd03c"
  }
}
